// !$*UTF8*$!
{
	archiveVersion = 1;
	classes = {
	};
	objectVersion = 56;
	objects = {

/* Begin PBXBuildFile section */
		0BBC4C962AEC36CC00AA0B6F /* AppDelegate.swift in Sources */ = {isa = PBXBuildFile; fileRef = 0BBC4C952AEC36CC00AA0B6F /* AppDelegate.swift */; };
		0BBC4C982AEC36CC00AA0B6F /* SceneDelegate.swift in Sources */ = {isa = PBXBuildFile; fileRef = 0BBC4C972AEC36CC00AA0B6F /* SceneDelegate.swift */; };
		0BBC4C9A2AEC36CC00AA0B6F /* SignInVc.swift in Sources */ = {isa = PBXBuildFile; fileRef = 0BBC4C992AEC36CC00AA0B6F /* SignInVc.swift */; };
		0BBC4C9F2AEC36CF00AA0B6F /* Assets.xcassets in Resources */ = {isa = PBXBuildFile; fileRef = 0BBC4C9E2AEC36CF00AA0B6F /* Assets.xcassets */; };
		0BBC4CA22AEC36CF00AA0B6F /* LaunchScreen.storyboard in Resources */ = {isa = PBXBuildFile; fileRef = 0BBC4CA02AEC36CF00AA0B6F /* LaunchScreen.storyboard */; };
		0BBC4CAA2AEC39D700AA0B6F /* MainPageVC.swift in Sources */ = {isa = PBXBuildFile; fileRef = 0BBC4CA92AEC39D700AA0B6F /* MainPageVC.swift */; };
		0BBC4CAC2AEC39E900AA0B6F /* ColorPalleteVC.swift in Sources */ = {isa = PBXBuildFile; fileRef = 0BBC4CAB2AEC39E900AA0B6F /* ColorPalleteVC.swift */; };
/* End PBXBuildFile section */

/* Begin PBXFileReference section */
		0BBC4C922AEC36CC00AA0B6F /* 16. Navigations.app */ = {isa = PBXFileReference; explicitFileType = wrapper.application; includeInIndex = 0; path = "16. Navigations.app"; sourceTree = BUILT_PRODUCTS_DIR; };
		0BBC4C952AEC36CC00AA0B6F /* AppDelegate.swift */ = {isa = PBXFileReference; lastKnownFileType = sourcecode.swift; path = AppDelegate.swift; sourceTree = "<group>"; };
		0BBC4C972AEC36CC00AA0B6F /* SceneDelegate.swift */ = {isa = PBXFileReference; lastKnownFileType = sourcecode.swift; path = SceneDelegate.swift; sourceTree = "<group>"; };
		0BBC4C992AEC36CC00AA0B6F /* SignInVc.swift */ = {isa = PBXFileReference; lastKnownFileType = sourcecode.swift; path = SignInVc.swift; sourceTree = "<group>"; };
		0BBC4C9E2AEC36CF00AA0B6F /* Assets.xcassets */ = {isa = PBXFileReference; lastKnownFileType = folder.assetcatalog; path = Assets.xcassets; sourceTree = "<group>"; };
		0BBC4CA12AEC36CF00AA0B6F /* Base */ = {isa = PBXFileReference; lastKnownFileType = file.storyboard; name = Base; path = Base.lproj/LaunchScreen.storyboard; sourceTree = "<group>"; };
		0BBC4CA32AEC36CF00AA0B6F /* Info.plist */ = {isa = PBXFileReference; lastKnownFileType = text.plist.xml; path = Info.plist; sourceTree = "<group>"; };
		0BBC4CA92AEC39D700AA0B6F /* MainPageVC.swift */ = {isa = PBXFileReference; lastKnownFileType = sourcecode.swift; path = MainPageVC.swift; sourceTree = "<group>"; };
		0BBC4CAB2AEC39E900AA0B6F /* ColorPalleteVC.swift */ = {isa = PBXFileReference; lastKnownFileType = sourcecode.swift; path = ColorPalleteVC.swift; sourceTree = "<group>"; };
/* End PBXFileReference section */

/* Begin PBXFrameworksBuildPhase section */
		0BBC4C8F2AEC36CC00AA0B6F /* Frameworks */ = {
			isa = PBXFrameworksBuildPhase;
			buildActionMask = 2147483647;
			files = (
			);
			runOnlyForDeploymentPostprocessing = 0;
		};
/* End PBXFrameworksBuildPhase section */

/* Begin PBXGroup section */
		0BBC4C892AEC36CC00AA0B6F = {
			isa = PBXGroup;
			children = (
				0BBC4C942AEC36CC00AA0B6F /* 16. Navigations */,
				0BBC4C932AEC36CC00AA0B6F /* Products */,
			);
			sourceTree = "<group>";
		};
		0BBC4C932AEC36CC00AA0B6F /* Products */ = {
			isa = PBXGroup;
			children = (
				0BBC4C922AEC36CC00AA0B6F /* 16. Navigations.app */,
			);
			name = Products;
			sourceTree = "<group>";
		};
		0BBC4C942AEC36CC00AA0B6F /* 16. Navigations */ = {
			isa = PBXGroup;
			children = (
				0BBC4C952AEC36CC00AA0B6F /* AppDelegate.swift */,
				0BBC4C972AEC36CC00AA0B6F /* SceneDelegate.swift */,
				0BBC4C992AEC36CC00AA0B6F /* SignInVc.swift */,
				0BBC4CA92AEC39D700AA0B6F /* MainPageVC.swift */,
				0BBC4CAB2AEC39E900AA0B6F /* ColorPalleteVC.swift */,
				0BBC4C9E2AEC36CF00AA0B6F /* Assets.xcassets */,
				0BBC4CA02AEC36CF00AA0B6F /* LaunchScreen.storyboard */,
				0BBC4CA32AEC36CF00AA0B6F /* Info.plist */,
			);
			path = "16. Navigations";
			sourceTree = "<group>";
		};
/* End PBXGroup section */

/* Begin PBXNativeTarget section */
		0BBC4C912AEC36CC00AA0B6F /* 16. Navigations */ = {
			isa = PBXNativeTarget;
			buildConfigurationList = 0BBC4CA62AEC36CF00AA0B6F /* Build configuration list for PBXNativeTarget "16. Navigations" */;
			buildPhases = (
				0BBC4C8E2AEC36CC00AA0B6F /* Sources */,
				0BBC4C8F2AEC36CC00AA0B6F /* Frameworks */,
				0BBC4C902AEC36CC00AA0B6F /* Resources */,
			);
			buildRules = (
			);
			dependencies = (
			);
			name = "16. Navigations";
			productName = "16. Navigations";
			productReference = 0BBC4C922AEC36CC00AA0B6F /* 16. Navigations.app */;
			productType = "com.apple.product-type.application";
		};
/* End PBXNativeTarget section */

/* Begin PBXProject section */
		0BBC4C8A2AEC36CC00AA0B6F /* Project object */ = {
			isa = PBXProject;
			attributes = {
				BuildIndependentTargetsInParallel = 1;
				LastSwiftUpdateCheck = 1500;
				LastUpgradeCheck = 1500;
				TargetAttributes = {
					0BBC4C912AEC36CC00AA0B6F = {
						CreatedOnToolsVersion = 15.0;
					};
				};
			};
			buildConfigurationList = 0BBC4C8D2AEC36CC00AA0B6F /* Build configuration list for PBXProject "16. Navigations" */;
			compatibilityVersion = "Xcode 14.0";
			developmentRegion = en;
			hasScannedForEncodings = 0;
			knownRegions = (
				en,
				Base,
			);
			mainGroup = 0BBC4C892AEC36CC00AA0B6F;
			productRefGroup = 0BBC4C932AEC36CC00AA0B6F /* Products */;
			projectDirPath = "";
			projectRoot = "";
			targets = (
				0BBC4C912AEC36CC00AA0B6F /* 16. Navigations */,
			);
		};
/* End PBXProject section */

/* Begin PBXResourcesBuildPhase section */
		0BBC4C902AEC36CC00AA0B6F /* Resources */ = {
			isa = PBXResourcesBuildPhase;
			buildActionMask = 2147483647;
			files = (
				0BBC4CA22AEC36CF00AA0B6F /* LaunchScreen.storyboard in Resources */,
				0BBC4C9F2AEC36CF00AA0B6F /* Assets.xcassets in Resources */,
			);
			runOnlyForDeploymentPostprocessing = 0;
		};
/* End PBXResourcesBuildPhase section */

/* Begin PBXSourcesBuildPhase section */
		0BBC4C8E2AEC36CC00AA0B6F /* Sources */ = {
			isa = PBXSourcesBuildPhase;
			buildActionMask = 2147483647;
			files = (
				0BBC4CAC2AEC39E900AA0B6F /* ColorPalleteVC.swift in Sources */,
				0BBC4C9A2AEC36CC00AA0B6F /* SignInVc.swift in Sources */,
				0BBC4C962AEC36CC00AA0B6F /* AppDelegate.swift in Sources */,
				0BBC4CAA2AEC39D700AA0B6F /* MainPageVC.swift in Sources */,
				0BBC4C982AEC36CC00AA0B6F /* SceneDelegate.swift in Sources */,
			);
			runOnlyForDeploymentPostprocessing = 0;
		};
/* End PBXSourcesBuildPhase section */

/* Begin PBXVariantGroup section */
		0BBC4CA02AEC36CF00AA0B6F /* LaunchScreen.storyboard */ = {
			isa = PBXVariantGroup;
			children = (
				0BBC4CA12AEC36CF00AA0B6F /* Base */,
			);
			name = LaunchScreen.storyboard;
			sourceTree = "<group>";
		};
/* End PBXVariantGroup section */

/* Begin XCBuildConfiguration section */
		0BBC4CA42AEC36CF00AA0B6F /* Debug */ = {
			isa = XCBuildConfiguration;
			buildSettings = {
				ALWAYS_SEARCH_USER_PATHS = NO;
				ASSETCATALOG_COMPILER_GENERATE_SWIFT_ASSET_SYMBOL_EXTENSIONS = YES;
				CLANG_ANALYZER_NONNULL = YES;
				CLANG_ANALYZER_NUMBER_OBJECT_CONVERSION = YES_AGGRESSIVE;
				CLANG_CXX_LANGUAGE_STANDARD = "gnu++20";
				CLANG_ENABLE_MODULES = YES;
				CLANG_ENABLE_OBJC_ARC = YES;
				CLANG_ENABLE_OBJC_WEAK = YES;
				CLANG_WARN_BLOCK_CAPTURE_AUTORELEASING = YES;
				CLANG_WARN_BOOL_CONVERSION = YES;
				CLANG_WARN_COMMA = YES;
				CLANG_WARN_CONSTANT_CONVERSION = YES;
				CLANG_WARN_DEPRECATED_OBJC_IMPLEMENTATIONS = YES;
				CLANG_WARN_DIRECT_OBJC_ISA_USAGE = YES_ERROR;
				CLANG_WARN_DOCUMENTATION_COMMENTS = YES;
				CLANG_WARN_EMPTY_BODY = YES;
				CLANG_WARN_ENUM_CONVERSION = YES;
				CLANG_WARN_INFINITE_RECURSION = YES;
				CLANG_WARN_INT_CONVERSION = YES;
				CLANG_WARN_NON_LITERAL_NULL_CONVERSION = YES;
				CLANG_WARN_OBJC_IMPLICIT_RETAIN_SELF = YES;
				CLANG_WARN_OBJC_LITERAL_CONVERSION = YES;
				CLANG_WARN_OBJC_ROOT_CLASS = YES_ERROR;
				CLANG_WARN_QUOTED_INCLUDE_IN_FRAMEWORK_HEADER = YES;
				CLANG_WARN_RANGE_LOOP_ANALYSIS = YES;
				CLANG_WARN_STRICT_PROTOTYPES = YES;
				CLANG_WARN_SUSPICIOUS_MOVE = YES;
				CLANG_WARN_UNGUARDED_AVAILABILITY = YES_AGGRESSIVE;
				CLANG_WARN_UNREACHABLE_CODE = YES;
				CLANG_WARN__DUPLICATE_METHOD_MATCH = YES;
				COPY_PHASE_STRIP = NO;
				DEBUG_INFORMATION_FORMAT = dwarf;
				ENABLE_STRICT_OBJC_MSGSEND = YES;
				ENABLE_TESTABILITY = YES;
				ENABLE_USER_SCRIPT_SANDBOXING = YES;
				GCC_C_LANGUAGE_STANDARD = gnu17;
				GCC_DYNAMIC_NO_PIC = NO;
				GCC_NO_COMMON_BLOCKS = YES;
				GCC_OPTIMIZATION_LEVEL = 0;
				GCC_PREPROCESSOR_DEFINITIONS = (
					"DEBUG=1",
					"$(inherited)",
				);
				GCC_WARN_64_TO_32_BIT_CONVERSION = YES;
				GCC_WARN_ABOUT_RETURN_TYPE = YES_ERROR;
				GCC_WARN_UNDECLARED_SELECTOR = YES;
				GCC_WARN_UNINITIALIZED_AUTOS = YES_AGGRESSIVE;
				GCC_WARN_UNUSED_FUNCTION = YES;
				GCC_WARN_UNUSED_VARIABLE = YES;
				IPHONEOS_DEPLOYMENT_TARGET = 17.0;
				LOCALIZATION_PREFERS_STRING_CATALOGS = YES;
				MTL_ENABLE_DEBUG_INFO = INCLUDE_SOURCE;
				MTL_FAST_MATH = YES;
				ONLY_ACTIVE_ARCH = YES;
				SDKROOT = iphoneos;
				SWIFT_ACTIVE_COMPILATION_CONDITIONS = "DEBUG $(inherited)";
				SWIFT_OPTIMIZATION_LEVEL = "-Onone";
			};
			name = Debug;
		};
		0BBC4CA52AEC36CF00AA0B6F /* Release */ = {
			isa = XCBuildConfiguration;
			buildSettings = {
				ALWAYS_SEARCH_USER_PATHS = NO;
				ASSETCATALOG_COMPILER_GENERATE_SWIFT_ASSET_SYMBOL_EXTENSIONS = YES;
				CLANG_ANALYZER_NONNULL = YES;
				CLANG_ANALYZER_NUMBER_OBJECT_CONVERSION = YES_AGGRESSIVE;
				CLANG_CXX_LANGUAGE_STANDARD = "gnu++20";
				CLANG_ENABLE_MODULES = YES;
				CLANG_ENABLE_OBJC_ARC = YES;
				CLANG_ENABLE_OBJC_WEAK = YES;
				CLANG_WARN_BLOCK_CAPTURE_AUTORELEASING = YES;
				CLANG_WARN_BOOL_CONVERSION = YES;
				CLANG_WARN_COMMA = YES;
				CLANG_WARN_CONSTANT_CONVERSION = YES;
				CLANG_WARN_DEPRECATED_OBJC_IMPLEMENTATIONS = YES;
				CLANG_WARN_DIRECT_OBJC_ISA_USAGE = YES_ERROR;
				CLANG_WARN_DOCUMENTATION_COMMENTS = YES;
				CLANG_WARN_EMPTY_BODY = YES;
				CLANG_WARN_ENUM_CONVERSION = YES;
				CLANG_WARN_INFINITE_RECURSION = YES;
				CLANG_WARN_INT_CONVERSION = YES;
				CLANG_WARN_NON_LITERAL_NULL_CONVERSION = YES;
				CLANG_WARN_OBJC_IMPLICIT_RETAIN_SELF = YES;
				CLANG_WARN_OBJC_LITERAL_CONVERSION = YES;
				CLANG_WARN_OBJC_ROOT_CLASS = YES_ERROR;
				CLANG_WARN_QUOTED_INCLUDE_IN_FRAMEWORK_HEADER = YES;
				CLANG_WARN_RANGE_LOOP_ANALYSIS = YES;
				CLANG_WARN_STRICT_PROTOTYPES = YES;
				CLANG_WARN_SUSPICIOUS_MOVE = YES;
				CLANG_WARN_UNGUARDED_AVAILABILITY = YES_AGGRESSIVE;
				CLANG_WARN_UNREACHABLE_CODE = YES;
				CLANG_WARN__DUPLICATE_METHOD_MATCH = YES;
				COPY_PHASE_STRIP = NO;
				DEBUG_INFORMATION_FORMAT = "dwarf-with-dsym";
				ENABLE_NS_ASSERTIONS = NO;
				ENABLE_STRICT_OBJC_MSGSEND = YES;
				ENABLE_USER_SCRIPT_SANDBOXING = YES;
				GCC_C_LANGUAGE_STANDARD = gnu17;
				GCC_NO_COMMON_BLOCKS = YES;
				GCC_WARN_64_TO_32_BIT_CONVERSION = YES;
				GCC_WARN_ABOUT_RETURN_TYPE = YES_ERROR;
				GCC_WARN_UNDECLARED_SELECTOR = YES;
				GCC_WARN_UNINITIALIZED_AUTOS = YES_AGGRESSIVE;
				GCC_WARN_UNUSED_FUNCTION = YES;
				GCC_WARN_UNUSED_VARIABLE = YES;
				IPHONEOS_DEPLOYMENT_TARGET = 17.0;
				LOCALIZATION_PREFERS_STRING_CATALOGS = YES;
				MTL_ENABLE_DEBUG_INFO = NO;
				MTL_FAST_MATH = YES;
				SDKROOT = iphoneos;
				SWIFT_COMPILATION_MODE = wholemodule;
				VALIDATE_PRODUCT = YES;
			};
			name = Release;
		};
		0BBC4CA72AEC36CF00AA0B6F /* Debug */ = {
			isa = XCBuildConfiguration;
			buildSettings = {
				ASSETCATALOG_COMPILER_APPICON_NAME = AppIcon;
				ASSETCATALOG_COMPILER_GLOBAL_ACCENT_COLOR_NAME = AccentColor;
				CODE_SIGN_STYLE = Automatic;
				CURRENT_PROJECT_VERSION = 1;
				DEVELOPMENT_TEAM = 29X5XJV3CC;
				GENERATE_INFOPLIST_FILE = YES;
				INFOPLIST_FILE = "16. Navigations/Info.plist";
				INFOPLIST_KEY_UIApplicationSupportsIndirectInputEvents = YES;
				INFOPLIST_KEY_UILaunchStoryboardName = LaunchScreen;
				INFOPLIST_KEY_UISupportedInterfaceOrientations_iPad = "UIInterfaceOrientationPortrait UIInterfaceOrientationPortraitUpsideDown UIInterfaceOrientationLandscapeLeft UIInterfaceOrientationLandscapeRight";
				INFOPLIST_KEY_UISupportedInterfaceOrientations_iPhone = "UIInterfaceOrientationPortrait UIInterfaceOrientationLandscapeLeft UIInterfaceOrientationLandscapeRight";
				LD_RUNPATH_SEARCH_PATHS = (
					"$(inherited)",
					"@executable_path/Frameworks",
				);
				MARKETING_VERSION = 1.0;
				PRODUCT_BUNDLE_IDENTIFIER = "Sesili.Tsikaridze.-6--Navigations";
				PRODUCT_NAME = "$(TARGET_NAME)";
				SWIFT_EMIT_LOC_STRINGS = YES;
				SWIFT_VERSION = 5.0;
				TARGETED_DEVICE_FAMILY = "1,2";
			};
			name = Debug;
		};
		0BBC4CA82AEC36CF00AA0B6F /* Release */ = {
			isa = XCBuildConfiguration;
			buildSettings = {
				ASSETCATALOG_COMPILER_APPICON_NAME = AppIcon;
				ASSETCATALOG_COMPILER_GLOBAL_ACCENT_COLOR_NAME = AccentColor;
				CODE_SIGN_STYLE = Automatic;
				CURRENT_PROJECT_VERSION = 1;
				DEVELOPMENT_TEAM = 29X5XJV3CC;
				GENERATE_INFOPLIST_FILE = YES;
				INFOPLIST_FILE = "16. Navigations/Info.plist";
				INFOPLIST_KEY_UIApplicationSupportsIndirectInputEvents = YES;
				INFOPLIST_KEY_UILaunchStoryboardName = LaunchScreen;
				INFOPLIST_KEY_UISupportedInterfaceOrientations_iPad = "UIInterfaceOrientationPortrait UIInterfaceOrientationPortraitUpsideDown UIInterfaceOrientationLandscapeLeft UIInterfaceOrientationLandscapeRight";
				INFOPLIST_KEY_UISupportedInterfaceOrientations_iPhone = "UIInterfaceOrientationPortrait UIInterfaceOrientationLandscapeLeft UIInterfaceOrientationLandscapeRight";
				LD_RUNPATH_SEARCH_PATHS = (
					"$(inherited)",
					"@executable_path/Frameworks",
				);
				MARKETING_VERSION = 1.0;
				PRODUCT_BUNDLE_IDENTIFIER = "Sesili.Tsikaridze.-6--Navigations";
				PRODUCT_NAME = "$(TARGET_NAME)";
				SWIFT_EMIT_LOC_STRINGS = YES;
				SWIFT_VERSION = 5.0;
				TARGETED_DEVICE_FAMILY = "1,2";
			};
			name = Release;
		};
/* End XCBuildConfiguration section */

/* Begin XCConfigurationList section */
		0BBC4C8D2AEC36CC00AA0B6F /* Build configuration list for PBXProject "16. Navigations" */ = {
			isa = XCConfigurationList;
			buildConfigurations = (
				0BBC4CA42AEC36CF00AA0B6F /* Debug */,
				0BBC4CA52AEC36CF00AA0B6F /* Release */,
			);
			defaultConfigurationIsVisible = 0;
			defaultConfigurationName = Release;
		};
		0BBC4CA62AEC36CF00AA0B6F /* Build configuration list for PBXNativeTarget "16. Navigations" */ = {
			isa = XCConfigurationList;
			buildConfigurations = (
				0BBC4CA72AEC36CF00AA0B6F /* Debug */,
				0BBC4CA82AEC36CF00AA0B6F /* Release */,
			);
			defaultConfigurationIsVisible = 0;
			defaultConfigurationName = Release;
		};
/* End XCConfigurationList section */
	};
	rootObject = 0BBC4C8A2AEC36CC00AA0B6F /* Project object */;
}
